
Microsoft Visual Studio Solution File, Format Version 12.00
Project("{FAE04EC0-301F-11D3-BF4B-00C04F79EFBC}") = "Presentation", "Presentation\Presentation.csproj", "{15793A1D-6648-4974-954B-7C1D802E9488}"
EndProject
Project("{2150E333-8FDC-42A3-9474-1A3956D46DE8}") = "2 - Application", "2 - Application", "{175ED568-1E9A-4938-882B-8B775CD6F313}"
EndProject
Project("{2150E333-8FDC-42A3-9474-1A3956D46DE8}") = "1 - Presentation", "1 - Presentation", "{46AC5312-A308-40B8-AE31-210CCC0207BD}"
EndProject
Project("{2150E333-8FDC-42A3-9474-1A3956D46DE8}") = "3 - Domain", "3 - Domain", "{2D809B10-CE8A-46CA-96F0-BC6C9587AD99}"
EndProject
Project("{2150E333-8FDC-42A3-9474-1A3956D46DE8}") = "4 - Infra", "4 - Infra", "{A5AEA7F1-C990-467A-806A-2A6A2615BC5A}"
EndProject
Project("{2150E333-8FDC-42A3-9474-1A3956D46DE8}") = "4.1 - Data", "4.1 - Data", "{5C0E72C4-19FD-420B-A896-1C04FF3ECA2B}"
EndProject
Project("{2150E333-8FDC-42A3-9474-1A3956D46DE8}") = "4.2 - Ioc", "4.2 - Ioc", "{D49ABF9C-CDEE-4F04-A55B-9E0054094D9D}"
EndProject
Project("{FAE04EC0-301F-11D3-BF4B-00C04F79EFBC}") = "Application", "Application\Application.csproj", "{7262A732-E60F-4439-9E4A-42C59C5A90C6}"
EndProject
Project("{FAE04EC0-301F-11D3-BF4B-00C04F79EFBC}") = "Domain", "Domain\Domain.csproj", "{A17D50A2-6D09-4199-9BCE-576425E2B1BF}"
EndProject
Project("{FAE04EC0-301F-11D3-BF4B-00C04F79EFBC}") = "Data", "Data\Data.csproj", "{A2F2F861-CA2E-427D-8256-8B83972B76BA}"
EndProject
Global
	GlobalSection(SolutionConfigurationPlatforms) = preSolution
		Debug|Any CPU = Debug|Any CPU
		Release|Any CPU = Release|Any CPU
	EndGlobalSection
	GlobalSection(ProjectConfigurationPlatforms) = postSolution
		{15793A1D-6648-4974-954B-7C1D802E9488}.Debug|Any CPU.ActiveCfg = Debug|Any CPU
		{15793A1D-6648-4974-954B-7C1D802E9488}.Debug|Any CPU.Build.0 = Debug|Any CPU
		{15793A1D-6648-4974-954B-7C1D802E9488}.Release|Any CPU.ActiveCfg = Release|Any CPU
		{15793A1D-6648-4974-954B-7C1D802E9488}.Release|Any CPU.Build.0 = Release|Any CPU
		{7262A732-E60F-4439-9E4A-42C59C5A90C6}.Debug|Any CPU.ActiveCfg = Debug|Any CPU
		{7262A732-E60F-4439-9E4A-42C59C5A90C6}.Debug|Any CPU.Build.0 = Debug|Any CPU
		{7262A732-E60F-4439-9E4A-42C59C5A90C6}.Release|Any CPU.ActiveCfg = Release|Any CPU
		{7262A732-E60F-4439-9E4A-42C59C5A90C6}.Release|Any CPU.Build.0 = Release|Any CPU
		{A17D50A2-6D09-4199-9BCE-576425E2B1BF}.Debug|Any CPU.ActiveCfg = Debug|Any CPU
		{A17D50A2-6D09-4199-9BCE-576425E2B1BF}.Debug|Any CPU.Build.0 = Debug|Any CPU
		{A17D50A2-6D09-4199-9BCE-576425E2B1BF}.Release|Any CPU.ActiveCfg = Release|Any CPU
		{A17D50A2-6D09-4199-9BCE-576425E2B1BF}.Release|Any CPU.Build.0 = Release|Any CPU
		{A2F2F861-CA2E-427D-8256-8B83972B76BA}.Debug|Any CPU.ActiveCfg = Debug|Any CPU
		{A2F2F861-CA2E-427D-8256-8B83972B76BA}.Debug|Any CPU.Build.0 = Debug|Any CPU
		{A2F2F861-CA2E-427D-8256-8B83972B76BA}.Release|Any CPU.ActiveCfg = Release|Any CPU
		{A2F2F861-CA2E-427D-8256-8B83972B76BA}.Release|Any CPU.Build.0 = Release|Any CPU
	EndGlobalSection
	GlobalSection(NestedProjects) = preSolution
		{15793A1D-6648-4974-954B-7C1D802E9488} = {46AC5312-A308-40B8-AE31-210CCC0207BD}
		{5C0E72C4-19FD-420B-A896-1C04FF3ECA2B} = {A5AEA7F1-C990-467A-806A-2A6A2615BC5A}
		{D49ABF9C-CDEE-4F04-A55B-9E0054094D9D} = {A5AEA7F1-C990-467A-806A-2A6A2615BC5A}
		{7262A732-E60F-4439-9E4A-42C59C5A90C6} = {175ED568-1E9A-4938-882B-8B775CD6F313}
		{A17D50A2-6D09-4199-9BCE-576425E2B1BF} = {2D809B10-CE8A-46CA-96F0-BC6C9587AD99}
		{A2F2F861-CA2E-427D-8256-8B83972B76BA} = {5C0E72C4-19FD-420B-A896-1C04FF3ECA2B}
	EndGlobalSection
EndGlobal
